<?xml version="1.0" encoding="utf-8"?>
<Project ToolsVersion="4.0" xmlns="http://schemas.microsoft.com/developer/msbuild/2003">
  <ItemGroup>
    <ClCompile Include="main.cpp" />
    <ClCompile Include="Material.cpp" />
    <ClCompile Include="Pnt3f.cpp" />
    <ClCompile Include="Robot.cpp" />
    <ClCompile Include="texture.cpp" />
    <ClCompile Include="TextureApp.cpp" />
    <ClCompile Include="TextureManager.cpp" />
  </ItemGroup>
  <ItemGroup>
    <ClInclude Include="common_header.h" />
    <ClInclude Include="Material.h" />
    <ClInclude Include="Pnt3f.H" />
    <ClInclude Include="Robot.h" />
    <ClInclude Include="texture.h" />
    <ClInclude Include="TextureApp.h" />
    <ClInclude Include="TextureManager.h" />
    <ClInclude Include="vgl.h" />
  </ItemGroup>
</Project>